
Microsoft Visual Studio Solution File, Format Version 12.00
# Visual Studio Version 17
VisualStudioVersion = 17.6.33829.357
MinimumVisualStudioVersion = 10.0.40219.1
Project("{9A19103F-16F7-4668-BE54-9A1E7A4F7556}") = "WinUI3-DataTemplate-Bind-ParentProperty", "WinUI3-DataTemplate-Bind-ParentProperty.csproj", "{1FC79B1B-B22A-4152-B46E-0149A0A0FCE4}"
EndProject
Global
	GlobalSection(SolutionConfigurationPlatforms) = preSolution
		Debug|x64 = Debug|x64
		Release|x64 = Release|x64
	EndGlobalSection
	GlobalSection(ProjectConfigurationPlatforms) = postSolution
		{1FC79B1B-B22A-4152-B46E-0149A0A0FCE4}.Debug|x64.ActiveCfg = Debug|x64
		{1FC79B1B-B22A-4152-B46E-0149A0A0FCE4}.Debug|x64.Build.0 = Debug|x64
		{1FC79B1B-B22A-4152-B46E-0149A0A0FCE4}.Debug|x64.Deploy.0 = Debug|x64
		{1FC79B1B-B22A-4152-B46E-0149A0A0FCE4}.Release|x64.ActiveCfg = Release|x64
		{1FC79B1B-B22A-4152-B46E-0149A0A0FCE4}.Release|x64.Build.0 = Release|x64
		{1FC79B1B-B22A-4152-B46E-0149A0A0FCE4}.Release|x64.Deploy.0 = Release|x64
	EndGlobalSection
	GlobalSection(SolutionProperties) = preSolution
		HideSolutionNode = FALSE
	EndGlobalSection
	GlobalSection(ExtensibilityGlobals) = postSolution
		SolutionGuid = {39393A20-1A9C-4142-9B36-374302E0831D}
	EndGlobalSection
EndGlobal
